// !$*UTF8*$!
{
	archiveVersion = 1;
	classes = {
	};
	objectVersion = 56;
	objects = {

/* Begin PBXBuildFile section */
		AB1A821829C0DA9A00768DFC /* pie.swift in Sources */ = {isa = PBXBuildFile; fileRef = AB1A821729C0DA9A00768DFC /* pie.swift */; };
		AB1A821A29C0DFEE00768DFC /* AspectVGrid.swift in Sources */ = {isa = PBXBuildFile; fileRef = AB1A821929C0DFEE00768DFC /* AspectVGrid.swift */; };
		AB1A821C29C0F37300768DFC /* Cardify.swift in Sources */ = {isa = PBXBuildFile; fileRef = AB1A821B29C0F37300768DFC /* Cardify.swift */; };
		ABA48F2629BBACF50081FF9C /* MemoryGame.swift in Sources */ = {isa = PBXBuildFile; fileRef = ABA48F2529BBACF50081FF9C /* MemoryGame.swift */; };
		ABA48F2829BBB0360081FF9C /* EmojiMemoryGame.swift in Sources */ = {isa = PBXBuildFile; fileRef = ABA48F2729BBB0360081FF9C /* EmojiMemoryGame.swift */; };
		ABF84B0E29BA1C24009DEDF4 /* Memorize_SwiftUIApp.swift in Sources */ = {isa = PBXBuildFile; fileRef = ABF84B0D29BA1C24009DEDF4 /* Memorize_SwiftUIApp.swift */; };
		ABF84B1029BA1C24009DEDF4 /* EmojiMemoryGameView.swift in Sources */ = {isa = PBXBuildFile; fileRef = ABF84B0F29BA1C24009DEDF4 /* EmojiMemoryGameView.swift */; };
		ABF84B1229BA1C24009DEDF4 /* Assets.xcassets in Resources */ = {isa = PBXBuildFile; fileRef = ABF84B1129BA1C24009DEDF4 /* Assets.xcassets */; };
		ABF84B1529BA1C24009DEDF4 /* Preview Assets.xcassets in Resources */ = {isa = PBXBuildFile; fileRef = ABF84B1429BA1C24009DEDF4 /* Preview Assets.xcassets */; };
/* End PBXBuildFile section */

/* Begin PBXFileReference section */
		AB1A821729C0DA9A00768DFC /* pie.swift */ = {isa = PBXFileReference; lastKnownFileType = sourcecode.swift; path = pie.swift; sourceTree = "<group>"; };
		AB1A821929C0DFEE00768DFC /* AspectVGrid.swift */ = {isa = PBXFileReference; lastKnownFileType = sourcecode.swift; path = AspectVGrid.swift; sourceTree = "<group>"; };
		AB1A821B29C0F37300768DFC /* Cardify.swift */ = {isa = PBXFileReference; lastKnownFileType = sourcecode.swift; path = Cardify.swift; sourceTree = "<group>"; };
		ABA48F2529BBACF50081FF9C /* MemoryGame.swift */ = {isa = PBXFileReference; lastKnownFileType = sourcecode.swift; path = MemoryGame.swift; sourceTree = "<group>"; };
		ABA48F2729BBB0360081FF9C /* EmojiMemoryGame.swift */ = {isa = PBXFileReference; lastKnownFileType = sourcecode.swift; path = EmojiMemoryGame.swift; sourceTree = "<group>"; };
		ABF84B0A29BA1C24009DEDF4 /* Memorize SwiftUI.app */ = {isa = PBXFileReference; explicitFileType = wrapper.application; includeInIndex = 0; path = "Memorize SwiftUI.app"; sourceTree = BUILT_PRODUCTS_DIR; };
		ABF84B0D29BA1C24009DEDF4 /* Memorize_SwiftUIApp.swift */ = {isa = PBXFileReference; lastKnownFileType = sourcecode.swift; path = Memorize_SwiftUIApp.swift; sourceTree = "<group>"; };
		ABF84B0F29BA1C24009DEDF4 /* EmojiMemoryGameView.swift */ = {isa = PBXFileReference; lastKnownFileType = sourcecode.swift; path = EmojiMemoryGameView.swift; sourceTree = "<group>"; };
		ABF84B1129BA1C24009DEDF4 /* Assets.xcassets */ = {isa = PBXFileReference; lastKnownFileType = folder.assetcatalog; path = Assets.xcassets; sourceTree = "<group>"; };
		ABF84B1429BA1C24009DEDF4 /* Preview Assets.xcassets */ = {isa = PBXFileReference; lastKnownFileType = folder.assetcatalog; path = "Preview Assets.xcassets"; sourceTree = "<group>"; };
/* End PBXFileReference section */

/* Begin PBXFrameworksBuildPhase section */
		ABF84B0729BA1C24009DEDF4 /* Frameworks */ = {
			isa = PBXFrameworksBuildPhase;
			buildActionMask = 2147483647;
			files = (
			);
			runOnlyForDeploymentPostprocessing = 0;
		};
/* End PBXFrameworksBuildPhase section */

/* Begin PBXGroup section */
		ABF84B0129BA1C23009DEDF4 = {
			isa = PBXGroup;
			children = (
				ABF84B0C29BA1C24009DEDF4 /* Memorize SwiftUI */,
				ABF84B0B29BA1C24009DEDF4 /* Products */,
			);
			sourceTree = "<group>";
		};
		ABF84B0B29BA1C24009DEDF4 /* Products */ = {
			isa = PBXGroup;
			children = (
				ABF84B0A29BA1C24009DEDF4 /* Memorize SwiftUI.app */,
			);
			name = Products;
			sourceTree = "<group>";
		};
		ABF84B0C29BA1C24009DEDF4 /* Memorize SwiftUI */ = {
			isa = PBXGroup;
			children = (
				ABA48F2529BBACF50081FF9C /* MemoryGame.swift */,
				ABA48F2729BBB0360081FF9C /* EmojiMemoryGame.swift */,
				ABF84B0F29BA1C24009DEDF4 /* EmojiMemoryGameView.swift */,
				ABF84B0D29BA1C24009DEDF4 /* Memorize_SwiftUIApp.swift */,
				AB1A821729C0DA9A00768DFC /* pie.swift */,
				AB1A821929C0DFEE00768DFC /* AspectVGrid.swift */,
				AB1A821B29C0F37300768DFC /* Cardify.swift */,
				ABF84B1129BA1C24009DEDF4 /* Assets.xcassets */,
				ABF84B1329BA1C24009DEDF4 /* Preview Content */,
			);
			path = "Memorize SwiftUI";
			sourceTree = "<group>";
		};
		ABF84B1329BA1C24009DEDF4 /* Preview Content */ = {
			isa = PBXGroup;
			children = (
				ABF84B1429BA1C24009DEDF4 /* Preview Assets.xcassets */,
			);
			path = "Preview Content";
			sourceTree = "<group>";
		};
/* End PBXGroup section */

/* Begin PBXNativeTarget section */
		ABF84B0929BA1C24009DEDF4 /* Memorize SwiftUI */ = {
			isa = PBXNativeTarget;
			buildConfigurationList = ABF84B1829BA1C24009DEDF4 /* Build configuration list for PBXNativeTarget "Memorize SwiftUI" */;
			buildPhases = (
				ABF84B0629BA1C24009DEDF4 /* Sources */,
				ABF84B0729BA1C24009DEDF4 /* Frameworks */,
				ABF84B0829BA1C24009DEDF4 /* Resources */,
			);
			buildRules = (
			);
			dependencies = (
			);
			name = "Memorize SwiftUI";
			productName = "Memorize SwiftUI";
			productReference = ABF84B0A29BA1C24009DEDF4 /* Memorize SwiftUI.app */;
			productType = "com.apple.product-type.application";
		};
/* End PBXNativeTarget section */

/* Begin PBXProject section */
		ABF84B0229BA1C23009DEDF4 /* Project object */ = {
			isa = PBXProject;
			attributes = {
				BuildIndependentTargetsInParallel = 1;
				LastSwiftUpdateCheck = 1420;
				LastUpgradeCheck = 1420;
				TargetAttributes = {
					ABF84B0929BA1C24009DEDF4 = {
						CreatedOnToolsVersion = 14.2;
					};
				};
			};
			buildConfigurationList = ABF84B0529BA1C23009DEDF4 /* Build configuration list for PBXProject "Memorize SwiftUI" */;
			compatibilityVersion = "Xcode 14.0";
			developmentRegion = en;
			hasScannedForEncodings = 0;
			knownRegions = (
				en,
				Base,
			);
			mainGroup = ABF84B0129BA1C23009DEDF4;
			productRefGroup = ABF84B0B29BA1C24009DEDF4 /* Products */;
			projectDirPath = "";
			projectRoot = "";
			targets = (
				ABF84B0929BA1C24009DEDF4 /* Memorize SwiftUI */,
			);
		};
/* End PBXProject section */

/* Begin PBXResourcesBuildPhase section */
		ABF84B0829BA1C24009DEDF4 /* Resources */ = {
			isa = PBXResourcesBuildPhase;
			buildActionMask = 2147483647;
			files = (
				ABF84B1529BA1C24009DEDF4 /* Preview Assets.xcassets in Resources */,
				ABF84B1229BA1C24009DEDF4 /* Assets.xcassets in Resources */,
			);
			runOnlyForDeploymentPostprocessing = 0;
		};
/* End PBXResourcesBuildPhase section */

/* Begin PBXSourcesBuildPhase section */
		ABF84B0629BA1C24009DEDF4 /* Sources */ = {
			isa = PBXSourcesBuildPhase;
			buildActionMask = 2147483647;
			files = (
				ABA48F2629BBACF50081FF9C /* MemoryGame.swift in Sources */,
				AB1A821C29C0F37300768DFC /* Cardify.swift in Sources */,
				ABF84B1029BA1C24009DEDF4 /* EmojiMemoryGameView.swift in Sources */,
				AB1A821A29C0DFEE00768DFC /* AspectVGrid.swift in Sources */,
				ABF84B0E29BA1C24009DEDF4 /* Memorize_SwiftUIApp.swift in Sources */,
				AB1A821829C0DA9A00768DFC /* pie.swift in Sources */,
				ABA48F2829BBB0360081FF9C /* EmojiMemoryGame.swift in Sources */,
			);
			runOnlyForDeploymentPostprocessing = 0;
		};
/* End PBXSourcesBuildPhase section */

/* Begin XCBuildConfiguration section */
		ABF84B1629BA1C24009DEDF4 /* Debug */ = {
			isa = XCBuildConfiguration;
			buildSettings = {
				ALWAYS_SEARCH_USER_PATHS = NO;
				CLANG_ANALYZER_NONNULL = YES;
				CLANG_ANALYZER_NUMBER_OBJECT_CONVERSION = YES_AGGRESSIVE;
				CLANG_CXX_LANGUAGE_STANDARD = "gnu++20";
				CLANG_ENABLE_MODULES = YES;
				CLANG_ENABLE_OBJC_ARC = YES;
				CLANG_ENABLE_OBJC_WEAK = YES;
				CLANG_WARN_BLOCK_CAPTURE_AUTORELEASING = YES;
				CLANG_WARN_BOOL_CONVERSION = YES;
				CLANG_WARN_COMMA = YES;
				CLANG_WARN_CONSTANT_CONVERSION = YES;
				CLANG_WARN_DEPRECATED_OBJC_IMPLEMENTATIONS = YES;
				CLANG_WARN_DIRECT_OBJC_ISA_USAGE = YES_ERROR;
				CLANG_WARN_DOCUMENTATION_COMMENTS = YES;
				CLANG_WARN_EMPTY_BODY = YES;
				CLANG_WARN_ENUM_CONVERSION = YES;
				CLANG_WARN_INFINITE_RECURSION = YES;
				CLANG_WARN_INT_CONVERSION = YES;
				CLANG_WARN_NON_LITERAL_NULL_CONVERSION = YES;
				CLANG_WARN_OBJC_IMPLICIT_RETAIN_SELF = YES;
				CLANG_WARN_OBJC_LITERAL_CONVERSION = YES;
				CLANG_WARN_OBJC_ROOT_CLASS = YES_ERROR;
				CLANG_WARN_QUOTED_INCLUDE_IN_FRAMEWORK_HEADER = YES;
				CLANG_WARN_RANGE_LOOP_ANALYSIS = YES;
				CLANG_WARN_STRICT_PROTOTYPES = YES;
				CLANG_WARN_SUSPICIOUS_MOVE = YES;
				CLANG_WARN_UNGUARDED_AVAILABILITY = YES_AGGRESSIVE;
				CLANG_WARN_UNREACHABLE_CODE = YES;
				CLANG_WARN__DUPLICATE_METHOD_MATCH = YES;
				COPY_PHASE_STRIP = NO;
				DEBUG_INFORMATION_FORMAT = dwarf;
				ENABLE_STRICT_OBJC_MSGSEND = YES;
				ENABLE_TESTABILITY = YES;
				GCC_C_LANGUAGE_STANDARD = gnu11;
				GCC_DYNAMIC_NO_PIC = NO;
				GCC_NO_COMMON_BLOCKS = YES;
				GCC_OPTIMIZATION_LEVEL = 0;
				GCC_PREPROCESSOR_DEFINITIONS = (
					"DEBUG=1",
					"$(inherited)",
				);
				GCC_WARN_64_TO_32_BIT_CONVERSION = YES;
				GCC_WARN_ABOUT_RETURN_TYPE = YES_ERROR;
				GCC_WARN_UNDECLARED_SELECTOR = YES;
				GCC_WARN_UNINITIALIZED_AUTOS = YES_AGGRESSIVE;
				GCC_WARN_UNUSED_FUNCTION = YES;
				GCC_WARN_UNUSED_VARIABLE = YES;
				IPHONEOS_DEPLOYMENT_TARGET = 16.2;
				MTL_ENABLE_DEBUG_INFO = INCLUDE_SOURCE;
				MTL_FAST_MATH = YES;
				ONLY_ACTIVE_ARCH = YES;
				SDKROOT = iphoneos;
				SWIFT_ACTIVE_COMPILATION_CONDITIONS = DEBUG;
				SWIFT_OPTIMIZATION_LEVEL = "-Onone";
			};
			name = Debug;
		};
		ABF84B1729BA1C24009DEDF4 /* Release */ = {
			isa = XCBuildConfiguration;
			buildSettings = {
				ALWAYS_SEARCH_USER_PATHS = NO;
				CLANG_ANALYZER_NONNULL = YES;
				CLANG_ANALYZER_NUMBER_OBJECT_CONVERSION = YES_AGGRESSIVE;
				CLANG_CXX_LANGUAGE_STANDARD = "gnu++20";
				CLANG_ENABLE_MODULES = YES;
				CLANG_ENABLE_OBJC_ARC = YES;
				CLANG_ENABLE_OBJC_WEAK = YES;
				CLANG_WARN_BLOCK_CAPTURE_AUTORELEASING = YES;
				CLANG_WARN_BOOL_CONVERSION = YES;
				CLANG_WARN_COMMA = YES;
				CLANG_WARN_CONSTANT_CONVERSION = YES;
				CLANG_WARN_DEPRECATED_OBJC_IMPLEMENTATIONS = YES;
				CLANG_WARN_DIRECT_OBJC_ISA_USAGE = YES_ERROR;
				CLANG_WARN_DOCUMENTATION_COMMENTS = YES;
				CLANG_WARN_EMPTY_BODY = YES;
				CLANG_WARN_ENUM_CONVERSION = YES;
				CLANG_WARN_INFINITE_RECURSION = YES;
				CLANG_WARN_INT_CONVERSION = YES;
				CLANG_WARN_NON_LITERAL_NULL_CONVERSION = YES;
				CLANG_WARN_OBJC_IMPLICIT_RETAIN_SELF = YES;
				CLANG_WARN_OBJC_LITERAL_CONVERSION = YES;
				CLANG_WARN_OBJC_ROOT_CLASS = YES_ERROR;
				CLANG_WARN_QUOTED_INCLUDE_IN_FRAMEWORK_HEADER = YES;
				CLANG_WARN_RANGE_LOOP_ANALYSIS = YES;
				CLANG_WARN_STRICT_PROTOTYPES = YES;
				CLANG_WARN_SUSPICIOUS_MOVE = YES;
				CLANG_WARN_UNGUARDED_AVAILABILITY = YES_AGGRESSIVE;
				CLANG_WARN_UNREACHABLE_CODE = YES;
				CLANG_WARN__DUPLICATE_METHOD_MATCH = YES;
				COPY_PHASE_STRIP = NO;
				DEBUG_INFORMATION_FORMAT = "dwarf-with-dsym";
				ENABLE_NS_ASSERTIONS = NO;
				ENABLE_STRICT_OBJC_MSGSEND = YES;
				GCC_C_LANGUAGE_STANDARD = gnu11;
				GCC_NO_COMMON_BLOCKS = YES;
				GCC_WARN_64_TO_32_BIT_CONVERSION = YES;
				GCC_WARN_ABOUT_RETURN_TYPE = YES_ERROR;
				GCC_WARN_UNDECLARED_SELECTOR = YES;
				GCC_WARN_UNINITIALIZED_AUTOS = YES_AGGRESSIVE;
				GCC_WARN_UNUSED_FUNCTION = YES;
				GCC_WARN_UNUSED_VARIABLE = YES;
				IPHONEOS_DEPLOYMENT_TARGET = 16.2;
				MTL_ENABLE_DEBUG_INFO = NO;
				MTL_FAST_MATH = YES;
				SDKROOT = iphoneos;
				SWIFT_COMPILATION_MODE = wholemodule;
				SWIFT_OPTIMIZATION_LEVEL = "-O";
				VALIDATE_PRODUCT = YES;
			};
			name = Release;
		};
		ABF84B1929BA1C24009DEDF4 /* Debug */ = {
			isa = XCBuildConfiguration;
			buildSettings = {
				ASSETCATALOG_COMPILER_APPICON_NAME = AppIcon;
				ASSETCATALOG_COMPILER_GLOBAL_ACCENT_COLOR_NAME = AccentColor;
				CODE_SIGN_STYLE = Automatic;
				CURRENT_PROJECT_VERSION = 1;
				DEVELOPMENT_ASSET_PATHS = "\"Memorize SwiftUI/Preview Content\"";
				DEVELOPMENT_TEAM = 842ALSJDA7;
				ENABLE_PREVIEWS = YES;
				GENERATE_INFOPLIST_FILE = YES;
				INFOPLIST_KEY_UIApplicationSceneManifest_Generation = YES;
				INFOPLIST_KEY_UIApplicationSupportsIndirectInputEvents = YES;
				INFOPLIST_KEY_UILaunchScreen_Generation = YES;
				INFOPLIST_KEY_UISupportedInterfaceOrientations_iPad = "UIInterfaceOrientationPortrait UIInterfaceOrientationPortraitUpsideDown UIInterfaceOrientationLandscapeLeft UIInterfaceOrientationLandscapeRight";
				INFOPLIST_KEY_UISupportedInterfaceOrientations_iPhone = "UIInterfaceOrientationPortrait UIInterfaceOrientationLandscapeLeft UIInterfaceOrientationLandscapeRight";
				LD_RUNPATH_SEARCH_PATHS = (
					"$(inherited)",
					"@executable_path/Frameworks",
				);
				MARKETING_VERSION = 1.0;
				PRODUCT_BUNDLE_IDENTIFIER = "com.salah.12488.Memorize-SwiftUI";
				PRODUCT_NAME = "$(TARGET_NAME)";
				SWIFT_EMIT_LOC_STRINGS = YES;
				SWIFT_VERSION = 5.0;
				TARGETED_DEVICE_FAMILY = "1,2";
			};
			name = Debug;
		};
		ABF84B1A29BA1C24009DEDF4 /* Release */ = {
			isa = XCBuildConfiguration;
			buildSettings = {
				ASSETCATALOG_COMPILER_APPICON_NAME = AppIcon;
				ASSETCATALOG_COMPILER_GLOBAL_ACCENT_COLOR_NAME = AccentColor;
				CODE_SIGN_STYLE = Automatic;
				CURRENT_PROJECT_VERSION = 1;
				DEVELOPMENT_ASSET_PATHS = "\"Memorize SwiftUI/Preview Content\"";
				DEVELOPMENT_TEAM = 842ALSJDA7;
				ENABLE_PREVIEWS = YES;
				GENERATE_INFOPLIST_FILE = YES;
				INFOPLIST_KEY_UIApplicationSceneManifest_Generation = YES;
				INFOPLIST_KEY_UIApplicationSupportsIndirectInputEvents = YES;
				INFOPLIST_KEY_UILaunchScreen_Generation = YES;
				INFOPLIST_KEY_UISupportedInterfaceOrientations_iPad = "UIInterfaceOrientationPortrait UIInterfaceOrientationPortraitUpsideDown UIInterfaceOrientationLandscapeLeft UIInterfaceOrientationLandscapeRight";
				INFOPLIST_KEY_UISupportedInterfaceOrientations_iPhone = "UIInterfaceOrientationPortrait UIInterfaceOrientationLandscapeLeft UIInterfaceOrientationLandscapeRight";
				LD_RUNPATH_SEARCH_PATHS = (
					"$(inherited)",
					"@executable_path/Frameworks",
				);
				MARKETING_VERSION = 1.0;
				PRODUCT_BUNDLE_IDENTIFIER = "com.salah.12488.Memorize-SwiftUI";
				PRODUCT_NAME = "$(TARGET_NAME)";
				SWIFT_EMIT_LOC_STRINGS = YES;
				SWIFT_VERSION = 5.0;
				TARGETED_DEVICE_FAMILY = "1,2";
			};
			name = Release;
		};
/* End XCBuildConfiguration section */

/* Begin XCConfigurationList section */
		ABF84B0529BA1C23009DEDF4 /* Build configuration list for PBXProject "Memorize SwiftUI" */ = {
			isa = XCConfigurationList;
			buildConfigurations = (
				ABF84B1629BA1C24009DEDF4 /* Debug */,
				ABF84B1729BA1C24009DEDF4 /* Release */,
			);
			defaultConfigurationIsVisible = 0;
			defaultConfigurationName = Release;
		};
		ABF84B1829BA1C24009DEDF4 /* Build configuration list for PBXNativeTarget "Memorize SwiftUI" */ = {
			isa = XCConfigurationList;
			buildConfigurations = (
				ABF84B1929BA1C24009DEDF4 /* Debug */,
				ABF84B1A29BA1C24009DEDF4 /* Release */,
			);
			defaultConfigurationIsVisible = 0;
			defaultConfigurationName = Release;
		};
/* End XCConfigurationList section */
	};
	rootObject = ABF84B0229BA1C23009DEDF4 /* Project object */;
}
